
Microsoft Visual Studio Solution File, Format Version 12.00
# Visual Studio Version 17
VisualStudioVersion = 17.2.32505.173
MinimumVisualStudioVersion = 10.0.40219.1
Project("{8BC9CEB8-8B4A-11D0-8D11-00A0C91BC942}") = "Bai137", "Bai137\ChuongTrinh061.vcxproj", "{2C6DC8DB-3DC6-4DC4-966F-E46251CF0D24}"
EndProject
Project("{8BC9CEB8-8B4A-11D0-8D11-00A0C91BC942}") = "Bai139", "Bai139\Bai063.vcxproj", "{70DC7FB7-4077-451A-99B8-96942DDF0576}"
EndProject
Project("{8BC9CEB8-8B4A-11D0-8D11-00A0C91BC942}") = "Bai140", "Bai140\Bai064.vcxproj", "{10158F6E-CC88-4E14-9D65-999EBE3A98FB}"
EndProject
Project("{8BC9CEB8-8B4A-11D0-8D11-00A0C91BC942}") = "Bai138", "Bai138\Bai062.vcxproj", "{BF2AB138-DA1A-4A45-B82E-D7AEEB133B0A}"
EndProject
Project("{8BC9CEB8-8B4A-11D0-8D11-00A0C91BC942}") = "Bai141", "Bai141\Bai090,.vcxproj", "{3DF51FC3-B0D1-4A08-B700-FC8F4C842164}"
EndProject
Project("{8BC9CEB8-8B4A-11D0-8D11-00A0C91BC942}") = "Bai142", "Bai142\Bai065.vcxproj", "{48FBD432-F115-4F1A-922E-3348D5AA3BC1}"
EndProject
Project("{8BC9CEB8-8B4A-11D0-8D11-00A0C91BC942}") = "Bai143", "Bai143\Bai088.vcxproj", "{112EB868-490D-41BE-8DC3-0F324773E086}"
EndProject
Project("{8BC9CEB8-8B4A-11D0-8D11-00A0C91BC942}") = "Bai144", "Bai144\Bai87.vcxproj", "{E11F000A-A1AE-4E2F-BB0C-503C628658E7}"
EndProject
Project("{8BC9CEB8-8B4A-11D0-8D11-00A0C91BC942}") = "Bai145", "Bai145\Bai086.vcxproj", "{3061D84F-50FA-485F-96D4-1F34ABD5411D}"
EndProject
Project("{8BC9CEB8-8B4A-11D0-8D11-00A0C91BC942}") = "Bai146", "Bai146\Bai181.vcxproj", "{3C18AB9F-8280-4342-A65B-EAAFBC6534D5}"
EndProject
Project("{8BC9CEB8-8B4A-11D0-8D11-00A0C91BC942}") = "Bai147", "Bai147\Bai182.vcxproj", "{7ABC32F3-610A-4BD1-804D-B7CB9305046D}"
EndProject
Project("{8BC9CEB8-8B4A-11D0-8D11-00A0C91BC942}") = "Bai148", "Bai148\Bai183.vcxproj", "{57E9842B-950E-4D8A-BA5F-5EB39DC89F17}"
EndProject
Project("{8BC9CEB8-8B4A-11D0-8D11-00A0C91BC942}") = "Bai149", "Bai149\Bai184.vcxproj", "{91C29DBD-499A-4DEA-9AFA-95CDA097650F}"
EndProject
Project("{8BC9CEB8-8B4A-11D0-8D11-00A0C91BC942}") = "Bai150", "Bai150\Bai185.vcxproj", "{6E187844-59DA-4267-B3CD-A90D803437F4}"
EndProject
Project("{8BC9CEB8-8B4A-11D0-8D11-00A0C91BC942}") = "Bai153", "Bai153\Bai067.vcxproj", "{8541A90E-4A9E-4F5D-9293-6E941C7D8DEC}"
EndProject
Project("{8BC9CEB8-8B4A-11D0-8D11-00A0C91BC942}") = "Bai152", "Bai070\Bai070.vcxproj", "{65EEE27E-E81A-4092-A07B-DF77007C2CCA}"
EndProject
Project("{8BC9CEB8-8B4A-11D0-8D11-00A0C91BC942}") = "Bai151", "Bai071\Bai071.vcxproj", "{1AC93697-99F6-45B1-BB80-705DC492A99E}"
EndProject
Global
	GlobalSection(SolutionConfigurationPlatforms) = preSolution
		Debug|x64 = Debug|x64
		Debug|x86 = Debug|x86
		Release|x64 = Release|x64
		Release|x86 = Release|x86
	EndGlobalSection
	GlobalSection(ProjectConfigurationPlatforms) = postSolution
		{2C6DC8DB-3DC6-4DC4-966F-E46251CF0D24}.Debug|x64.ActiveCfg = Debug|x64
		{2C6DC8DB-3DC6-4DC4-966F-E46251CF0D24}.Debug|x64.Build.0 = Debug|x64
		{2C6DC8DB-3DC6-4DC4-966F-E46251CF0D24}.Debug|x86.ActiveCfg = Debug|Win32
		{2C6DC8DB-3DC6-4DC4-966F-E46251CF0D24}.Debug|x86.Build.0 = Debug|Win32
		{2C6DC8DB-3DC6-4DC4-966F-E46251CF0D24}.Release|x64.ActiveCfg = Release|x64
		{2C6DC8DB-3DC6-4DC4-966F-E46251CF0D24}.Release|x64.Build.0 = Release|x64
		{2C6DC8DB-3DC6-4DC4-966F-E46251CF0D24}.Release|x86.ActiveCfg = Release|Win32
		{2C6DC8DB-3DC6-4DC4-966F-E46251CF0D24}.Release|x86.Build.0 = Release|Win32
		{70DC7FB7-4077-451A-99B8-96942DDF0576}.Debug|x64.ActiveCfg = Debug|x64
		{70DC7FB7-4077-451A-99B8-96942DDF0576}.Debug|x64.Build.0 = Debug|x64
		{70DC7FB7-4077-451A-99B8-96942DDF0576}.Debug|x86.ActiveCfg = Debug|Win32
		{70DC7FB7-4077-451A-99B8-96942DDF0576}.Debug|x86.Build.0 = Debug|Win32
		{70DC7FB7-4077-451A-99B8-96942DDF0576}.Release|x64.ActiveCfg = Release|x64
		{70DC7FB7-4077-451A-99B8-96942DDF0576}.Release|x64.Build.0 = Release|x64
		{70DC7FB7-4077-451A-99B8-96942DDF0576}.Release|x86.ActiveCfg = Release|Win32
		{70DC7FB7-4077-451A-99B8-96942DDF0576}.Release|x86.Build.0 = Release|Win32
		{10158F6E-CC88-4E14-9D65-999EBE3A98FB}.Debug|x64.ActiveCfg = Debug|x64
		{10158F6E-CC88-4E14-9D65-999EBE3A98FB}.Debug|x64.Build.0 = Debug|x64
		{10158F6E-CC88-4E14-9D65-999EBE3A98FB}.Debug|x86.ActiveCfg = Debug|Win32
		{10158F6E-CC88-4E14-9D65-999EBE3A98FB}.Debug|x86.Build.0 = Debug|Win32
		{10158F6E-CC88-4E14-9D65-999EBE3A98FB}.Release|x64.ActiveCfg = Release|x64
		{10158F6E-CC88-4E14-9D65-999EBE3A98FB}.Release|x64.Build.0 = Release|x64
		{10158F6E-CC88-4E14-9D65-999EBE3A98FB}.Release|x86.ActiveCfg = Release|Win32
		{10158F6E-CC88-4E14-9D65-999EBE3A98FB}.Release|x86.Build.0 = Release|Win32
		{BF2AB138-DA1A-4A45-B82E-D7AEEB133B0A}.Debug|x64.ActiveCfg = Debug|x64
		{BF2AB138-DA1A-4A45-B82E-D7AEEB133B0A}.Debug|x64.Build.0 = Debug|x64
		{BF2AB138-DA1A-4A45-B82E-D7AEEB133B0A}.Debug|x86.ActiveCfg = Debug|Win32
		{BF2AB138-DA1A-4A45-B82E-D7AEEB133B0A}.Debug|x86.Build.0 = Debug|Win32
		{BF2AB138-DA1A-4A45-B82E-D7AEEB133B0A}.Release|x64.ActiveCfg = Release|x64
		{BF2AB138-DA1A-4A45-B82E-D7AEEB133B0A}.Release|x64.Build.0 = Release|x64
		{BF2AB138-DA1A-4A45-B82E-D7AEEB133B0A}.Release|x86.ActiveCfg = Release|Win32
		{BF2AB138-DA1A-4A45-B82E-D7AEEB133B0A}.Release|x86.Build.0 = Release|Win32
		{3DF51FC3-B0D1-4A08-B700-FC8F4C842164}.Debug|x64.ActiveCfg = Debug|x64
		{3DF51FC3-B0D1-4A08-B700-FC8F4C842164}.Debug|x64.Build.0 = Debug|x64
		{3DF51FC3-B0D1-4A08-B700-FC8F4C842164}.Debug|x86.ActiveCfg = Debug|Win32
		{3DF51FC3-B0D1-4A08-B700-FC8F4C842164}.Debug|x86.Build.0 = Debug|Win32
		{3DF51FC3-B0D1-4A08-B700-FC8F4C842164}.Release|x64.ActiveCfg = Release|x64
		{3DF51FC3-B0D1-4A08-B700-FC8F4C842164}.Release|x64.Build.0 = Release|x64
		{3DF51FC3-B0D1-4A08-B700-FC8F4C842164}.Release|x86.ActiveCfg = Release|Win32
		{3DF51FC3-B0D1-4A08-B700-FC8F4C842164}.Release|x86.Build.0 = Release|Win32
		{48FBD432-F115-4F1A-922E-3348D5AA3BC1}.Debug|x64.ActiveCfg = Debug|x64
		{48FBD432-F115-4F1A-922E-3348D5AA3BC1}.Debug|x64.Build.0 = Debug|x64
		{48FBD432-F115-4F1A-922E-3348D5AA3BC1}.Debug|x86.ActiveCfg = Debug|Win32
		{48FBD432-F115-4F1A-922E-3348D5AA3BC1}.Debug|x86.Build.0 = Debug|Win32
		{48FBD432-F115-4F1A-922E-3348D5AA3BC1}.Release|x64.ActiveCfg = Release|x64
		{48FBD432-F115-4F1A-922E-3348D5AA3BC1}.Release|x64.Build.0 = Release|x64
		{48FBD432-F115-4F1A-922E-3348D5AA3BC1}.Release|x86.ActiveCfg = Release|Win32
		{48FBD432-F115-4F1A-922E-3348D5AA3BC1}.Release|x86.Build.0 = Release|Win32
		{112EB868-490D-41BE-8DC3-0F324773E086}.Debug|x64.ActiveCfg = Debug|x64
		{112EB868-490D-41BE-8DC3-0F324773E086}.Debug|x64.Build.0 = Debug|x64
		{112EB868-490D-41BE-8DC3-0F324773E086}.Debug|x86.ActiveCfg = Debug|Win32
		{112EB868-490D-41BE-8DC3-0F324773E086}.Debug|x86.Build.0 = Debug|Win32
		{112EB868-490D-41BE-8DC3-0F324773E086}.Release|x64.ActiveCfg = Release|x64
		{112EB868-490D-41BE-8DC3-0F324773E086}.Release|x64.Build.0 = Release|x64
		{112EB868-490D-41BE-8DC3-0F324773E086}.Release|x86.ActiveCfg = Release|Win32
		{112EB868-490D-41BE-8DC3-0F324773E086}.Release|x86.Build.0 = Release|Win32
		{E11F000A-A1AE-4E2F-BB0C-503C628658E7}.Debug|x64.ActiveCfg = Debug|x64
		{E11F000A-A1AE-4E2F-BB0C-503C628658E7}.Debug|x64.Build.0 = Debug|x64
		{E11F000A-A1AE-4E2F-BB0C-503C628658E7}.Debug|x86.ActiveCfg = Debug|Win32
		{E11F000A-A1AE-4E2F-BB0C-503C628658E7}.Debug|x86.Build.0 = Debug|Win32
		{E11F000A-A1AE-4E2F-BB0C-503C628658E7}.Release|x64.ActiveCfg = Release|x64
		{E11F000A-A1AE-4E2F-BB0C-503C628658E7}.Release|x64.Build.0 = Release|x64
		{E11F000A-A1AE-4E2F-BB0C-503C628658E7}.Release|x86.ActiveCfg = Release|Win32
		{E11F000A-A1AE-4E2F-BB0C-503C628658E7}.Release|x86.Build.0 = Release|Win32
		{3061D84F-50FA-485F-96D4-1F34ABD5411D}.Debug|x64.ActiveCfg = Debug|x64
		{3061D84F-50FA-485F-96D4-1F34ABD5411D}.Debug|x64.Build.0 = Debug|x64
		{3061D84F-50FA-485F-96D4-1F34ABD5411D}.Debug|x86.ActiveCfg = Debug|Win32
		{3061D84F-50FA-485F-96D4-1F34ABD5411D}.Debug|x86.Build.0 = Debug|Win32
		{3061D84F-50FA-485F-96D4-1F34ABD5411D}.Release|x64.ActiveCfg = Release|x64
		{3061D84F-50FA-485F-96D4-1F34ABD5411D}.Release|x64.Build.0 = Release|x64
		{3061D84F-50FA-485F-96D4-1F34ABD5411D}.Release|x86.ActiveCfg = Release|Win32
		{3061D84F-50FA-485F-96D4-1F34ABD5411D}.Release|x86.Build.0 = Release|Win32
		{3C18AB9F-8280-4342-A65B-EAAFBC6534D5}.Debug|x64.ActiveCfg = Debug|x64
		{3C18AB9F-8280-4342-A65B-EAAFBC6534D5}.Debug|x64.Build.0 = Debug|x64
		{3C18AB9F-8280-4342-A65B-EAAFBC6534D5}.Debug|x86.ActiveCfg = Debug|Win32
		{3C18AB9F-8280-4342-A65B-EAAFBC6534D5}.Debug|x86.Build.0 = Debug|Win32
		{3C18AB9F-8280-4342-A65B-EAAFBC6534D5}.Release|x64.ActiveCfg = Release|x64
		{3C18AB9F-8280-4342-A65B-EAAFBC6534D5}.Release|x64.Build.0 = Release|x64
		{3C18AB9F-8280-4342-A65B-EAAFBC6534D5}.Release|x86.ActiveCfg = Release|Win32
		{3C18AB9F-8280-4342-A65B-EAAFBC6534D5}.Release|x86.Build.0 = Release|Win32
		{7ABC32F3-610A-4BD1-804D-B7CB9305046D}.Debug|x64.ActiveCfg = Debug|x64
		{7ABC32F3-610A-4BD1-804D-B7CB9305046D}.Debug|x64.Build.0 = Debug|x64
		{7ABC32F3-610A-4BD1-804D-B7CB9305046D}.Debug|x86.ActiveCfg = Debug|Win32
		{7ABC32F3-610A-4BD1-804D-B7CB9305046D}.Debug|x86.Build.0 = Debug|Win32
		{7ABC32F3-610A-4BD1-804D-B7CB9305046D}.Release|x64.ActiveCfg = Release|x64
		{7ABC32F3-610A-4BD1-804D-B7CB9305046D}.Release|x64.Build.0 = Release|x64
		{7ABC32F3-610A-4BD1-804D-B7CB9305046D}.Release|x86.ActiveCfg = Release|Win32
		{7ABC32F3-610A-4BD1-804D-B7CB9305046D}.Release|x86.Build.0 = Release|Win32
		{57E9842B-950E-4D8A-BA5F-5EB39DC89F17}.Debug|x64.ActiveCfg = Debug|x64
		{57E9842B-950E-4D8A-BA5F-5EB39DC89F17}.Debug|x64.Build.0 = Debug|x64
		{57E9842B-950E-4D8A-BA5F-5EB39DC89F17}.Debug|x86.ActiveCfg = Debug|Win32
		{57E9842B-950E-4D8A-BA5F-5EB39DC89F17}.Debug|x86.Build.0 = Debug|Win32
		{57E9842B-950E-4D8A-BA5F-5EB39DC89F17}.Release|x64.ActiveCfg = Release|x64
		{57E9842B-950E-4D8A-BA5F-5EB39DC89F17}.Release|x64.Build.0 = Release|x64
		{57E9842B-950E-4D8A-BA5F-5EB39DC89F17}.Release|x86.ActiveCfg = Release|Win32
		{57E9842B-950E-4D8A-BA5F-5EB39DC89F17}.Release|x86.Build.0 = Release|Win32
		{91C29DBD-499A-4DEA-9AFA-95CDA097650F}.Debug|x64.ActiveCfg = Debug|x64
		{91C29DBD-499A-4DEA-9AFA-95CDA097650F}.Debug|x64.Build.0 = Debug|x64
		{91C29DBD-499A-4DEA-9AFA-95CDA097650F}.Debug|x86.ActiveCfg = Debug|Win32
		{91C29DBD-499A-4DEA-9AFA-95CDA097650F}.Debug|x86.Build.0 = Debug|Win32
		{91C29DBD-499A-4DEA-9AFA-95CDA097650F}.Release|x64.ActiveCfg = Release|x64
		{91C29DBD-499A-4DEA-9AFA-95CDA097650F}.Release|x64.Build.0 = Release|x64
		{91C29DBD-499A-4DEA-9AFA-95CDA097650F}.Release|x86.ActiveCfg = Release|Win32
		{91C29DBD-499A-4DEA-9AFA-95CDA097650F}.Release|x86.Build.0 = Release|Win32
		{6E187844-59DA-4267-B3CD-A90D803437F4}.Debug|x64.ActiveCfg = Debug|x64
		{6E187844-59DA-4267-B3CD-A90D803437F4}.Debug|x64.Build.0 = Debug|x64
		{6E187844-59DA-4267-B3CD-A90D803437F4}.Debug|x86.ActiveCfg = Debug|Win32
		{6E187844-59DA-4267-B3CD-A90D803437F4}.Debug|x86.Build.0 = Debug|Win32
		{6E187844-59DA-4267-B3CD-A90D803437F4}.Release|x64.ActiveCfg = Release|x64
		{6E187844-59DA-4267-B3CD-A90D803437F4}.Release|x64.Build.0 = Release|x64
		{6E187844-59DA-4267-B3CD-A90D803437F4}.Release|x86.ActiveCfg = Release|Win32
		{6E187844-59DA-4267-B3CD-A90D803437F4}.Release|x86.Build.0 = Release|Win32
		{8541A90E-4A9E-4F5D-9293-6E941C7D8DEC}.Debug|x64.ActiveCfg = Debug|x64
		{8541A90E-4A9E-4F5D-9293-6E941C7D8DEC}.Debug|x64.Build.0 = Debug|x64
		{8541A90E-4A9E-4F5D-9293-6E941C7D8DEC}.Debug|x86.ActiveCfg = Debug|Win32
		{8541A90E-4A9E-4F5D-9293-6E941C7D8DEC}.Debug|x86.Build.0 = Debug|Win32
		{8541A90E-4A9E-4F5D-9293-6E941C7D8DEC}.Release|x64.ActiveCfg = Release|x64
		{8541A90E-4A9E-4F5D-9293-6E941C7D8DEC}.Release|x64.Build.0 = Release|x64
		{8541A90E-4A9E-4F5D-9293-6E941C7D8DEC}.Release|x86.ActiveCfg = Release|Win32
		{8541A90E-4A9E-4F5D-9293-6E941C7D8DEC}.Release|x86.Build.0 = Release|Win32
		{65EEE27E-E81A-4092-A07B-DF77007C2CCA}.Debug|x64.ActiveCfg = Debug|x64
		{65EEE27E-E81A-4092-A07B-DF77007C2CCA}.Debug|x64.Build.0 = Debug|x64
		{65EEE27E-E81A-4092-A07B-DF77007C2CCA}.Debug|x86.ActiveCfg = Debug|Win32
		{65EEE27E-E81A-4092-A07B-DF77007C2CCA}.Debug|x86.Build.0 = Debug|Win32
		{65EEE27E-E81A-4092-A07B-DF77007C2CCA}.Release|x64.ActiveCfg = Release|x64
		{65EEE27E-E81A-4092-A07B-DF77007C2CCA}.Release|x64.Build.0 = Release|x64
		{65EEE27E-E81A-4092-A07B-DF77007C2CCA}.Release|x86.ActiveCfg = Release|Win32
		{65EEE27E-E81A-4092-A07B-DF77007C2CCA}.Release|x86.Build.0 = Release|Win32
		{1AC93697-99F6-45B1-BB80-705DC492A99E}.Debug|x64.ActiveCfg = Debug|x64
		{1AC93697-99F6-45B1-BB80-705DC492A99E}.Debug|x64.Build.0 = Debug|x64
		{1AC93697-99F6-45B1-BB80-705DC492A99E}.Debug|x86.ActiveCfg = Debug|Win32
		{1AC93697-99F6-45B1-BB80-705DC492A99E}.Debug|x86.Build.0 = Debug|Win32
		{1AC93697-99F6-45B1-BB80-705DC492A99E}.Release|x64.ActiveCfg = Release|x64
		{1AC93697-99F6-45B1-BB80-705DC492A99E}.Release|x64.Build.0 = Release|x64
		{1AC93697-99F6-45B1-BB80-705DC492A99E}.Release|x86.ActiveCfg = Release|Win32
		{1AC93697-99F6-45B1-BB80-705DC492A99E}.Release|x86.Build.0 = Release|Win32
	EndGlobalSection
	GlobalSection(SolutionProperties) = preSolution
		HideSolutionNode = FALSE
	EndGlobalSection
	GlobalSection(ExtensibilityGlobals) = postSolution
		SolutionGuid = {7AEBFB90-9C5C-49B5-B08C-C59BEE739516}
	EndGlobalSection
EndGlobal
